
Microsoft Visual Studio Solution File, Format Version 12.00
Project("{FAE04EC0-301F-11D3-BF4B-00C04F79EFBC}") = "GitManager.Api", "GitManager.Api\GitManager.Api.csproj", "{45CC842E-826C-4288-AEE8-FC66DCB61CD7}"
EndProject
Project("{2150E333-8FDC-42A3-9474-1A3956D46DE8}") = "Solution Items", "Solution Items", "{73E3FE60-7390-4446-883F-5051AA6E5456}"
	ProjectSection(SolutionItems) = preProject
		compose.yaml = compose.yaml
	EndProjectSection
EndProject
Project("{FAE04EC0-301F-11D3-BF4B-00C04F79EFBC}") = "GitManager.Application", "GitManager.Application\GitManager.Application.csproj", "{B7562F3F-8181-45D8-8223-6C8FBB95DCE1}"
EndProject
Project("{FAE04EC0-301F-11D3-BF4B-00C04F79EFBC}") = "GitManager.Infrastructure", "GitManager.Infrastructure\GitManager.Infrastructure.csproj", "{D09B7560-4435-4723-825F-5175A50DD664}"
EndProject
Global
	GlobalSection(SolutionConfigurationPlatforms) = preSolution
		Debug|Any CPU = Debug|Any CPU
		Release|Any CPU = Release|Any CPU
	EndGlobalSection
	GlobalSection(ProjectConfigurationPlatforms) = postSolution
		{45CC842E-826C-4288-AEE8-FC66DCB61CD7}.Debug|Any CPU.ActiveCfg = Debug|Any CPU
		{45CC842E-826C-4288-AEE8-FC66DCB61CD7}.Debug|Any CPU.Build.0 = Debug|Any CPU
		{45CC842E-826C-4288-AEE8-FC66DCB61CD7}.Release|Any CPU.ActiveCfg = Release|Any CPU
		{45CC842E-826C-4288-AEE8-FC66DCB61CD7}.Release|Any CPU.Build.0 = Release|Any CPU
		{B7562F3F-8181-45D8-8223-6C8FBB95DCE1}.Debug|Any CPU.ActiveCfg = Debug|Any CPU
		{B7562F3F-8181-45D8-8223-6C8FBB95DCE1}.Debug|Any CPU.Build.0 = Debug|Any CPU
		{B7562F3F-8181-45D8-8223-6C8FBB95DCE1}.Release|Any CPU.ActiveCfg = Release|Any CPU
		{B7562F3F-8181-45D8-8223-6C8FBB95DCE1}.Release|Any CPU.Build.0 = Release|Any CPU
		{D09B7560-4435-4723-825F-5175A50DD664}.Debug|Any CPU.ActiveCfg = Debug|Any CPU
		{D09B7560-4435-4723-825F-5175A50DD664}.Debug|Any CPU.Build.0 = Debug|Any CPU
		{D09B7560-4435-4723-825F-5175A50DD664}.Release|Any CPU.ActiveCfg = Release|Any CPU
		{D09B7560-4435-4723-825F-5175A50DD664}.Release|Any CPU.Build.0 = Release|Any CPU
	EndGlobalSection
EndGlobal
